schema: '2.0'
stages:
  data_ingestion:
    cmd: python src/data_ingestion.py
    deps:
    - path: src/data_ingestion.py
      hash: md5
      md5: c6d910109d4b1e48a4d82a18764c76e0
      size: 3553
    params:
      params.yaml:
        data_ingestion.test_size: 0.3
    outs:
    - path: data/raw
      hash: md5
      md5: 6c14fc5d4581715d0c084959eeff4b01.dir
      size: 479272
      nfiles: 2
  data_preprocessing:
    cmd: python src/data_preprocessing.py
    deps:
    - path: data/raw
      hash: md5
      md5: 6c14fc5d4581715d0c084959eeff4b01.dir
      size: 479272
      nfiles: 2
    - path: src/data_preprocessing.py
      hash: md5
      md5: 610d9748a8bc49fcdca81d8449820ab5
      size: 3865
    outs:
    - path: data/interim
      hash: md5
      md5: 91d80631b72bc88148c9f0c49789af70.dir
      size: 257220
      nfiles: 2
  feature_engineering:
    cmd: python src/feature_engineering.py
    deps:
    - path: data/interim
      hash: md5
      md5: 91d80631b72bc88148c9f0c49789af70.dir
      size: 257220
      nfiles: 2
    - path: src/feature_engineering.py
      hash: md5
      md5: c4fecb38b73613a6792d0a2a8427ac6a
      size: 3801
    params:
      params.yaml:
        feature_engineering.max_features: 65
    outs:
    - path: data/processed
      hash: md5
      md5: e7103c019deecf25fc9939163914ce81.dir
      size: 1525209
      nfiles: 2
  model_building:
    cmd: python src/model_building.py
    deps:
    - path: data/processed
      hash: md5
      md5: e7103c019deecf25fc9939163914ce81.dir
      size: 1525209
      nfiles: 2
    - path: src/model_building.py
      hash: md5
      md5: f8dc16c0f709a2c3b19480ae782a688b
      size: 4346
    params:
      params.yaml:
        model_building.n_estimators: 25
        model_building.random_state: 2
    outs:
    - path: models/model.pkl
      hash: md5
      md5: 19a8e8c0773c8d9095c98c5d591e0cfc
      size: 1011979
  model_evaluation:
    cmd: python src/model_evaluation.py
    deps:
    - path: models/model.pkl
      hash: md5
      md5: 19a8e8c0773c8d9095c98c5d591e0cfc
      size: 1011979
    - path: src/model_evaluation.py
      hash: md5
      md5: 847be7a8fdf3d593f1596025eb7c241a
      size: 4446
    outs:
    - path: reports/metrics.json
      hash: md5
      md5: 3168dead5378fc20571b7dded005469e
      size: 139
